
Microsoft Visual Studio Solution File, Format Version 12.00
# Visual Studio Version 17
VisualStudioVersion = 17.1.32328.378
MinimumVisualStudioVersion = 10.0.40219.1
Project("{9A19103F-16F7-4668-BE54-9A1E7A4F7556}") = "Json", "Json.csproj", "{2CD7C2BB-59F5-424F-9AA5-A5E7B984C034}"
EndProject
Project("{2150E333-8FDC-42A3-9474-1A3956D46DE8}") = "Ejemplos de CS", "Ejemplos de CS", "{15A69B26-96D8-4A12-9B90-E2ADDE4C01C2}"
EndProject
Global
	GlobalSection(SolutionConfigurationPlatforms) = preSolution
		Debug|Any CPU = Debug|Any CPU
		Release|Any CPU = Release|Any CPU
	EndGlobalSection
	GlobalSection(ProjectConfigurationPlatforms) = postSolution
		{2CD7C2BB-59F5-424F-9AA5-A5E7B984C034}.Debug|Any CPU.ActiveCfg = Debug|Any CPU
		{2CD7C2BB-59F5-424F-9AA5-A5E7B984C034}.Debug|Any CPU.Build.0 = Debug|Any CPU
		{2CD7C2BB-59F5-424F-9AA5-A5E7B984C034}.Release|Any CPU.ActiveCfg = Release|Any CPU
		{2CD7C2BB-59F5-424F-9AA5-A5E7B984C034}.Release|Any CPU.Build.0 = Release|Any CPU
	EndGlobalSection
	GlobalSection(SolutionProperties) = preSolution
		HideSolutionNode = FALSE
	EndGlobalSection
	GlobalSection(NestedProjects) = preSolution
		{2CD7C2BB-59F5-424F-9AA5-A5E7B984C034} = {15A69B26-96D8-4A12-9B90-E2ADDE4C01C2}
	EndGlobalSection
	GlobalSection(ExtensibilityGlobals) = postSolution
		SolutionGuid = {A0BF65D1-071A-433F-910C-828229BE6EA4}
	EndGlobalSection
EndGlobal
